
Microsoft Visual Studio Solution File, Format Version 12.00
# Visual Studio Version 16
VisualStudioVersion = 16.0.30907.101
MinimumVisualStudioVersion = 10.0.40219.1
Project("{FAE04EC0-301F-11D3-BF4B-00C04F79EFBC}") = "StewartPlatformV2", "StewartPlatformV2\StewartPlatformV2.csproj", "{65604355-8F92-491B-A151-DDE58D2940DF}"
EndProject
Global
	GlobalSection(SolutionConfigurationPlatforms) = preSolution
		Debug|Any CPU = Debug|Any CPU
		Release|Any CPU = Release|Any CPU
	EndGlobalSection
	GlobalSection(ProjectConfigurationPlatforms) = postSolution
		{65604355-8F92-491B-A151-DDE58D2940DF}.Debug|Any CPU.ActiveCfg = Debug|Any CPU
		{65604355-8F92-491B-A151-DDE58D2940DF}.Debug|Any CPU.Build.0 = Debug|Any CPU
		{65604355-8F92-491B-A151-DDE58D2940DF}.Release|Any CPU.ActiveCfg = Release|Any CPU
		{65604355-8F92-491B-A151-DDE58D2940DF}.Release|Any CPU.Build.0 = Release|Any CPU
	EndGlobalSection
	GlobalSection(SolutionProperties) = preSolution
		HideSolutionNode = FALSE
	EndGlobalSection
	GlobalSection(ExtensibilityGlobals) = postSolution
		SolutionGuid = {0D317700-10BB-4019-96D8-F66F0F3A5292}
	EndGlobalSection
EndGlobal
